
Microsoft Visual Studio Solution File, Format Version 12.00
# Visual Studio 15
VisualStudioVersion = 15.0.27130.2010
MinimumVisualStudioVersion = 10.0.40219.1
Project("{FAE04EC0-301F-11D3-BF4B-00C04F79EFBC}") = "LabbMVC", "LabbMVC\LabbMVC.csproj", "{3CA46E4E-E95F-4248-9C63-AFC2E6BBA189}"
EndProject
Global
	GlobalSection(SolutionConfigurationPlatforms) = preSolution
		Debug|Any CPU = Debug|Any CPU
		Release|Any CPU = Release|Any CPU
	EndGlobalSection
	GlobalSection(ProjectConfigurationPlatforms) = postSolution
		{3CA46E4E-E95F-4248-9C63-AFC2E6BBA189}.Debug|Any CPU.ActiveCfg = Debug|Any CPU
		{3CA46E4E-E95F-4248-9C63-AFC2E6BBA189}.Debug|Any CPU.Build.0 = Debug|Any CPU
		{3CA46E4E-E95F-4248-9C63-AFC2E6BBA189}.Release|Any CPU.ActiveCfg = Release|Any CPU
		{3CA46E4E-E95F-4248-9C63-AFC2E6BBA189}.Release|Any CPU.Build.0 = Release|Any CPU
	EndGlobalSection
	GlobalSection(SolutionProperties) = preSolution
		HideSolutionNode = FALSE
	EndGlobalSection
	GlobalSection(ExtensibilityGlobals) = postSolution
		SolutionGuid = {124ABEBD-E6E2-41B5-B900-6FE1EDEF88C2}
	EndGlobalSection
EndGlobal
